PODS:
  - AutoCoding (2.2.2)
  - AviasalesSDK (2.0.0-beta4)
  - AXRatingView (1.0.3)
  - FXBlurView (1.6.4)
  - NMRangeSlider (1.2.1)
  - NSTimer+WeakTarget (1.0)
  - SDWebImage (3.8.1):
    - SDWebImage/Core (= 3.8.1)
  - SDWebImage/Core (3.8.1)
  - Smartling.i18n (1.0.13)

DEPENDENCIES:
  - AutoCoding (~> 2.2)
  - AviasalesSDK (~> 2.0.0-beta4)
  - AXRatingView
  - FXBlurView (~> 1.6)
  - NMRangeSlider (~> 1.2)
  - NSTimer+WeakTarget (~> 1.0)
  - SDWebImage (~> 3.7)
  - Smartling.i18n (~> 1.0)

SPEC CHECKSUMS:
  AutoCoding: 56fa46dbfa89d44189a26ce64e6a470ed8ff4661
  AviasalesSDK: 8bcf79ddd7c6dacd1d91df88b346c4282299ee58
  AXRatingView: ccaadc1bbda99a4b7e1d556059482d2b933a9f4e
  FXBlurView: db786c2561cb49a09ae98407f52460096ab8a44f
  NMRangeSlider: 317ded652431eb90501c8421d9cddc3930d891e6
  NSTimer+WeakTarget: e2ad90bca1833a2766f98f9288bb687d3baa06ca
  SDWebImage: 35f9627a3e44b4f292a8a8ce6a531fa488239b91
  Smartling.i18n: 03ef7a5643965212c6ca9ed7d65385950ca4a989

PODFILE CHECKSUM: ac88f51ec91c9f79f08081b2ed6185e5184ec65f

COCOAPODS: 1.0.1
